{
  "name": "iobroker.minmax",
  "version": "1.1.2",
  "lockfileVersion": 1,
  "requires": true,
  "dependencies": {
    "@iobroker/adapter-core": {
      "version": "2.4.0",
      "resolved": "https://registry.npmjs.org/@iobroker/adapter-core/-/adapter-core-2.4.0.tgz",
      "integrity": "sha512-Qi2JRPKpOHtHonQlJX8UpK6OZg5mGXtMQC7k71BIkPDNoVI0QWp1vhqcuZ1Rjos1VQb/6oNIkvG2iivTh8slnQ==",
      "requires": {
        "@types/iobroker": "^3.0.6"
      }
    },
    "@sentry/core": {
      "version": "6.1.0",
      "resolved": "https://registry.npmjs.org/@sentry/core/-/core-6.1.0.tgz",
      "integrity": "sha512-57mXkp3NoyxRycXrL+Ec6bYS6UYJZp9tYX0lUp5Ry2M0FxDZ3Q4drkjr8MIQOhBaQXP2ukSX4QTVLGMPm60zMw==",
      "requires": {
        "@sentry/hub": "6.1.0",
        "@sentry/minimal": "6.1.0",
        "@sentry/types": "6.1.0",
        "@sentry/utils": "6.1.0",
        "tslib": "^1.9.3"
      }
    },
    "@sentry/hub": {
      "version": "6.1.0",
      "resolved": "https://registry.npmjs.org/@sentry/hub/-/hub-6.1.0.tgz",
      "integrity": "sha512-JnBSCgNg3VHiMojUl5tCHU8iWPVuE+qqENIzG9A722oJms1kKWBvWl+yQzhWBNdgk5qeAY3F5UzKWJZkbJ6xow==",
      "requires": {
        "@sentry/types": "6.1.0",
        "@sentry/utils": "6.1.0",
        "tslib": "^1.9.3"
      }
    },
    "@sentry/minimal": {
      "version": "6.1.0",
      "resolved": "https://registry.npmjs.org/@sentry/minimal/-/minimal-6.1.0.tgz",
      "integrity": "sha512-g6sfNKenL7wnsr/tibp8nFiMv/XRH0s0Pt4p151npmNI+SmjuUz3GGYEXk8ChCyaKldYKilkNOFdVXJxUf5gZw==",
      "requires": {
        "@sentry/hub": "6.1.0",
        "@sentry/types": "6.1.0",
        "tslib": "^1.9.3"
      }
    },
    "@sentry/node": {
      "version": "6.1.0",
      "resolved": "https://registry.npmjs.org/@sentry/node/-/node-6.1.0.tgz",
      "integrity": "sha512-yOxYHoPxg8Br19QOsJbonP2uYirv1FFxdNkdeykfO2QBorRUkcirjET5qjRfz73jF1YYtUZBuxwR+f9ZOPqGTg==",
      "requires": {
        "@sentry/core": "6.1.0",
        "@sentry/hub": "6.1.0",
        "@sentry/tracing": "6.1.0",
        "@sentry/types": "6.1.0",
        "@sentry/utils": "6.1.0",
        "cookie": "^0.4.1",
        "https-proxy-agent": "^5.0.0",
        "lru_map": "^0.3.3",
        "tslib": "^1.9.3"
      }
    },
    "@sentry/tracing": {
      "version": "6.1.0",
      "resolved": "https://registry.npmjs.org/@sentry/tracing/-/tracing-6.1.0.tgz",
      "integrity": "sha512-s6a4Ra3hHn4awiNz4fOEK6TCV2w2iLcxdppijcYEB7S/1rJpmqZgHWDicqufbOmVMOLmyKLEQ7w+pZq3TR3WgQ==",
      "requires": {
        "@sentry/hub": "6.1.0",
        "@sentry/minimal": "6.1.0",
        "@sentry/types": "6.1.0",
        "@sentry/utils": "6.1.0",
        "tslib": "^1.9.3"
      }
    },
    "@sentry/types": {
      "version": "6.1.0",
      "resolved": "https://registry.npmjs.org/@sentry/types/-/types-6.1.0.tgz",
      "integrity": "sha512-kIaN52Fw5K+2mKRaHE2YluJ+F/qMGSUzZXIFDNdC6OUMXQ4TM8gZTrITXs8CLDm7cK8iCqFCtzKOjKK6KyOKAg=="
    },
    "@sentry/utils": {
      "version": "6.1.0",
      "resolved": "https://registry.npmjs.org/@sentry/utils/-/utils-6.1.0.tgz",
      "integrity": "sha512-6JAplzUOS6bEwfX0PDRZBbYRvn9EN22kZfcL0qGHtM9L0QQ5ybjbbVwOpbXgRkiZx++dQbzLFtelxnDhsbFG+Q==",
      "requires": {
        "@sentry/types": "6.1.0",
        "tslib": "^1.9.3"
      }
    },
    "@types/iobroker": {
      "version": "3.0.11",
      "resolved": "https://registry.npmjs.org/@types/iobroker/-/iobroker-3.0.11.tgz",
      "integrity": "sha512-f9V70z67CLzalAFVE4GpYKAxJ5Lbrt6l/Xap93D4YH3oXz9Aw8DHYIjHHUGStMUf3Fl50RS+TdxG7Ebepe+yeA==",
      "requires": {
        "@types/node": "*"
      }
    },
    "@types/node": {
      "version": "12.12.52",
      "resolved": "https://registry.npmjs.org/@types/node/-/node-12.12.52.tgz",
      "integrity": "sha512-oNJSI5bzuAH4f4I5JatPf4jytM6vQPWMw8JDOH68mNMyOmSqBkctHBfsyaBU3Su+dhYd8E+tDtPJWUXsyO5Msg=="
    },
    "agent-base": {
      "version": "6.0.2",
      "resolved": "https://registry.npmjs.org/agent-base/-/agent-base-6.0.2.tgz",
      "integrity": "sha512-RZNwNclF7+MS/8bDg70amg32dyeZGZxiDuQmZxKLAlQjr3jGyLx+4Kkk58UO7D2QdgFIQCovuSuZESne6RG6XQ==",
      "requires": {
        "debug": "4"
      }
    },
    "cookie": {
      "version": "0.4.1",
      "resolved": "https://registry.npmjs.org/cookie/-/cookie-0.4.1.tgz",
      "integrity": "sha512-ZwrFkGJxUR3EIoXtO+yVE69Eb7KlixbaeAWfBQB9vVsNn/o+Yw69gBWSSDK825hQNdN+wF8zELf3dFNl/kxkUA=="
    },
    "cron": {
      "version": "1.8.2",
      "resolved": "https://registry.npmjs.org/cron/-/cron-1.8.2.tgz",
      "integrity": "sha512-Gk2c4y6xKEO8FSAUTklqtfSr7oTq0CiPQeLBG5Fl0qoXpZyMcj1SG59YL+hqq04bu6/IuEA7lMkYDAplQNKkyg==",
      "requires": {
        "moment-timezone": "^0.5.x"
      }
    },
    "debug": {
      "version": "4.1.1",
      "resolved": "https://registry.npmjs.org/debug/-/debug-4.1.1.tgz",
      "integrity": "sha512-pYAIzeRo8J6KPEaJ0VWOh5Pzkbw/RetuzehGM7QRRX5he4fPHx2rdKMB256ehJCkX+XRQm16eZLqLNS8RSZXZw==",
      "requires": {
        "ms": "^2.1.1"
      }
    },
    "https-proxy-agent": {
      "version": "5.0.0",
      "resolved": "https://registry.npmjs.org/https-proxy-agent/-/https-proxy-agent-5.0.0.tgz",
      "integrity": "sha512-EkYm5BcKUGiduxzSt3Eppko+PiNWNEpa4ySk9vTC6wDsQJW9rHSa+UhGNJoRYp7bz6Ht1eaRIa6QaJqO5rCFbA==",
      "requires": {
        "agent-base": "6",
        "debug": "4"
      }
    },
    "lru_map": {
      "version": "0.3.3",
      "resolved": "https://registry.npmjs.org/lru_map/-/lru_map-0.3.3.tgz",
      "integrity": "sha1-tcg1G5Rky9dQM1p5ZQoOwOVhGN0="
    },
    "moment": {
      "version": "2.27.0",
      "resolved": "https://registry.npmjs.org/moment/-/moment-2.27.0.tgz",
      "integrity": "sha512-al0MUK7cpIcglMv3YF13qSgdAIqxHTO7brRtaz3DlSULbqfazqkc5kEjNrLDOM7fsjshoFIihnU8snrP7zUvhQ=="
    },
    "moment-timezone": {
      "version": "0.5.31",
      "resolved": "https://registry.npmjs.org/moment-timezone/-/moment-timezone-0.5.31.tgz",
      "integrity": "sha512-+GgHNg8xRhMXfEbv81iDtrVeTcWt0kWmTEY1XQK14dICTXnWJnT0dxdlPspwqF3keKMVPXwayEsk1DI0AA/jdA==",
      "requires": {
        "moment": ">= 2.9.0"
      }
    },
    "ms": {
      "version": "2.1.2",
      "resolved": "https://registry.npmjs.org/ms/-/ms-2.1.2.tgz",
      "integrity": "sha512-sGkPx+VjMtmA6MX27oA4FBFELFCZZ4S4XqeGOXCv68tT+jb3vk/RyaKWP0PTKyWtmLSM0b+adUTEvbs1PEaH2w=="
    },
    "tslib": {
      "version": "1.13.0",
      "resolved": "https://registry.npmjs.org/tslib/-/tslib-1.13.0.tgz",
      "integrity": "sha512-i/6DQjL8Xf3be4K/E6Wgpekn5Qasl1usyw++dAA35Ue5orEn65VIxOA+YvNNl9HV3qv70T7CNwjODHZrLwvd1Q=="
    }
  }
}
